
Microsoft Visual Studio Solution File, Format Version 12.00
# Visual Studio 15
VisualStudioVersion = 15.0.27428.2005
MinimumVisualStudioVersion = 10.0.40219.1
Project("{FAE04EC0-301F-11D3-BF4B-00C04F79EFBC}") = "MenuManagerTask0001", "MenuManagerTask0001\MenuManagerTask0001.csproj", "{29694844-BAEB-4E9D-A23F-85925082C141}"
EndProject
Project("{FAE04EC0-301F-11D3-BF4B-00C04F79EFBC}") = "Contracts", "Contracts\Contracts.csproj", "{E3B3AB8F-73BB-4CF5-B78D-E53EF0316D2E}"
EndProject
Project("{FAE04EC0-301F-11D3-BF4B-00C04F79EFBC}") = "LoggerService", "LoggerService\LoggerService.csproj", "{310AEE56-5827-452B-8259-4E6D5CDD863B}"
EndProject
Project("{FAE04EC0-301F-11D3-BF4B-00C04F79EFBC}") = "Domain", "Domain\Domain.csproj", "{B510B3AE-B9A8-4F46-A7C1-1B0D2A270402}"
EndProject
Project("{FAE04EC0-301F-11D3-BF4B-00C04F79EFBC}") = "Repository", "Repository\Repository.csproj", "{A5C65D00-F294-455D-8838-06FC888B4212}"
EndProject
Global
	GlobalSection(SolutionConfigurationPlatforms) = preSolution
		Debug|Any CPU = Debug|Any CPU
		Release|Any CPU = Release|Any CPU
	EndGlobalSection
	GlobalSection(ProjectConfigurationPlatforms) = postSolution
		{29694844-BAEB-4E9D-A23F-85925082C141}.Debug|Any CPU.ActiveCfg = Debug|Any CPU
		{29694844-BAEB-4E9D-A23F-85925082C141}.Debug|Any CPU.Build.0 = Debug|Any CPU
		{29694844-BAEB-4E9D-A23F-85925082C141}.Release|Any CPU.ActiveCfg = Release|Any CPU
		{29694844-BAEB-4E9D-A23F-85925082C141}.Release|Any CPU.Build.0 = Release|Any CPU
		{E3B3AB8F-73BB-4CF5-B78D-E53EF0316D2E}.Debug|Any CPU.ActiveCfg = Debug|Any CPU
		{E3B3AB8F-73BB-4CF5-B78D-E53EF0316D2E}.Debug|Any CPU.Build.0 = Debug|Any CPU
		{E3B3AB8F-73BB-4CF5-B78D-E53EF0316D2E}.Release|Any CPU.ActiveCfg = Release|Any CPU
		{E3B3AB8F-73BB-4CF5-B78D-E53EF0316D2E}.Release|Any CPU.Build.0 = Release|Any CPU
		{310AEE56-5827-452B-8259-4E6D5CDD863B}.Debug|Any CPU.ActiveCfg = Debug|Any CPU
		{310AEE56-5827-452B-8259-4E6D5CDD863B}.Debug|Any CPU.Build.0 = Debug|Any CPU
		{310AEE56-5827-452B-8259-4E6D5CDD863B}.Release|Any CPU.ActiveCfg = Release|Any CPU
		{310AEE56-5827-452B-8259-4E6D5CDD863B}.Release|Any CPU.Build.0 = Release|Any CPU
		{B510B3AE-B9A8-4F46-A7C1-1B0D2A270402}.Debug|Any CPU.ActiveCfg = Debug|Any CPU
		{B510B3AE-B9A8-4F46-A7C1-1B0D2A270402}.Debug|Any CPU.Build.0 = Debug|Any CPU
		{B510B3AE-B9A8-4F46-A7C1-1B0D2A270402}.Release|Any CPU.ActiveCfg = Release|Any CPU
		{B510B3AE-B9A8-4F46-A7C1-1B0D2A270402}.Release|Any CPU.Build.0 = Release|Any CPU
		{A5C65D00-F294-455D-8838-06FC888B4212}.Debug|Any CPU.ActiveCfg = Debug|Any CPU
		{A5C65D00-F294-455D-8838-06FC888B4212}.Debug|Any CPU.Build.0 = Debug|Any CPU
		{A5C65D00-F294-455D-8838-06FC888B4212}.Release|Any CPU.ActiveCfg = Release|Any CPU
		{A5C65D00-F294-455D-8838-06FC888B4212}.Release|Any CPU.Build.0 = Release|Any CPU
	EndGlobalSection
	GlobalSection(SolutionProperties) = preSolution
		HideSolutionNode = FALSE
	EndGlobalSection
	GlobalSection(ExtensibilityGlobals) = postSolution
		SolutionGuid = {9F33DFA4-AA14-461C-A7AC-13B39CA75CA9}
	EndGlobalSection
EndGlobal
